
Microsoft Visual Studio Solution File, Format Version 12.00
# Visual Studio Version 17
VisualStudioVersion = 17.11.35312.102
MinimumVisualStudioVersion = 10.0.40219.1
Project("{9A19103F-16F7-4668-BE54-9A1E7A4F7556}") = "01.NumbersInRange", "01.NumbersInRange\01.NumbersInRange.csproj", "{7EAEE4AF-8ACD-46FC-A822-67EF6D01BB2C}"
EndProject
Project("{9A19103F-16F7-4668-BE54-9A1E7A4F7556}") = "02.FirstNNumbersSum", "02.FirstNNumbersSum\02.FirstNNumbersSum.csproj", "{28A09C76-D53C-480F-A837-CE8622F5E7F8}"
EndProject
Project("{9A19103F-16F7-4668-BE54-9A1E7A4F7556}") = "03.SumNumbers", "03.SumNumbers\03.SumNumbers.csproj", "{95731E51-4593-4827-B403-CD86B8C5AAE7}"
EndProject
Project("{FAE04EC0-301F-11D3-BF4B-00C04F79EFBC}") = "02.1FirstNNumbersSum", "02.1FirstNNumbersSum\02.1FirstNNumbersSum.csproj", "{50C7C5A8-5D10-4486-A339-D86B94AFA406}"
EndProject
Project("{FAE04EC0-301F-11D3-BF4B-00C04F79EFBC}") = "02.2FirstNNumbersSum", "02.2FirstNNumbersSum\02.2FirstNNumbersSum.csproj", "{8902A539-0C1B-496E-BE83-DA70FF747B81}"
EndProject
Project("{FAE04EC0-301F-11D3-BF4B-00C04F79EFBC}") = "04.NumbersEndingIn7", "04.NumbersEndingIn7\04.NumbersEndingIn7.csproj", "{6293638C-43D0-482B-A37E-BDFC691D39BE}"
EndProject
Project("{FAE04EC0-301F-11D3-BF4B-00C04F79EFBC}") = "05.NumbersFrom1ToNover3", "05.NumbersFrom1ToNover3\05.NumbersFrom1ToNover3.csproj", "{F10DA82C-35A9-419C-A50C-F9D5A22A810E}"
EndProject
Project("{FAE04EC0-301F-11D3-BF4B-00C04F79EFBC}") = "06.ExamCountdown", "06.ExamCountdown\06.ExamCountdown.csproj", "{F25B4570-6E25-468C-A5DD-C1933D7415E1}"
EndProject
Project("{FAE04EC0-301F-11D3-BF4B-00C04F79EFBC}") = "07.LatinLetters", "07.LatinLetters\07.LatinLetters.csproj", "{1F3D8D77-9271-448D-8365-D665470A29D1}"
EndProject
Global
	GlobalSection(SolutionConfigurationPlatforms) = preSolution
		Debug|Any CPU = Debug|Any CPU
		Release|Any CPU = Release|Any CPU
	EndGlobalSection
	GlobalSection(ProjectConfigurationPlatforms) = postSolution
		{7EAEE4AF-8ACD-46FC-A822-67EF6D01BB2C}.Debug|Any CPU.ActiveCfg = Debug|Any CPU
		{7EAEE4AF-8ACD-46FC-A822-67EF6D01BB2C}.Debug|Any CPU.Build.0 = Debug|Any CPU
		{7EAEE4AF-8ACD-46FC-A822-67EF6D01BB2C}.Release|Any CPU.ActiveCfg = Release|Any CPU
		{7EAEE4AF-8ACD-46FC-A822-67EF6D01BB2C}.Release|Any CPU.Build.0 = Release|Any CPU
		{28A09C76-D53C-480F-A837-CE8622F5E7F8}.Debug|Any CPU.ActiveCfg = Debug|Any CPU
		{28A09C76-D53C-480F-A837-CE8622F5E7F8}.Debug|Any CPU.Build.0 = Debug|Any CPU
		{28A09C76-D53C-480F-A837-CE8622F5E7F8}.Release|Any CPU.ActiveCfg = Release|Any CPU
		{28A09C76-D53C-480F-A837-CE8622F5E7F8}.Release|Any CPU.Build.0 = Release|Any CPU
		{95731E51-4593-4827-B403-CD86B8C5AAE7}.Debug|Any CPU.ActiveCfg = Debug|Any CPU
		{95731E51-4593-4827-B403-CD86B8C5AAE7}.Debug|Any CPU.Build.0 = Debug|Any CPU
		{95731E51-4593-4827-B403-CD86B8C5AAE7}.Release|Any CPU.ActiveCfg = Release|Any CPU
		{95731E51-4593-4827-B403-CD86B8C5AAE7}.Release|Any CPU.Build.0 = Release|Any CPU
		{50C7C5A8-5D10-4486-A339-D86B94AFA406}.Debug|Any CPU.ActiveCfg = Debug|Any CPU
		{50C7C5A8-5D10-4486-A339-D86B94AFA406}.Debug|Any CPU.Build.0 = Debug|Any CPU
		{50C7C5A8-5D10-4486-A339-D86B94AFA406}.Release|Any CPU.ActiveCfg = Release|Any CPU
		{50C7C5A8-5D10-4486-A339-D86B94AFA406}.Release|Any CPU.Build.0 = Release|Any CPU
		{8902A539-0C1B-496E-BE83-DA70FF747B81}.Debug|Any CPU.ActiveCfg = Debug|Any CPU
		{8902A539-0C1B-496E-BE83-DA70FF747B81}.Debug|Any CPU.Build.0 = Debug|Any CPU
		{8902A539-0C1B-496E-BE83-DA70FF747B81}.Release|Any CPU.ActiveCfg = Release|Any CPU
		{8902A539-0C1B-496E-BE83-DA70FF747B81}.Release|Any CPU.Build.0 = Release|Any CPU
		{6293638C-43D0-482B-A37E-BDFC691D39BE}.Debug|Any CPU.ActiveCfg = Debug|Any CPU
		{6293638C-43D0-482B-A37E-BDFC691D39BE}.Debug|Any CPU.Build.0 = Debug|Any CPU
		{6293638C-43D0-482B-A37E-BDFC691D39BE}.Release|Any CPU.ActiveCfg = Release|Any CPU
		{6293638C-43D0-482B-A37E-BDFC691D39BE}.Release|Any CPU.Build.0 = Release|Any CPU
		{F10DA82C-35A9-419C-A50C-F9D5A22A810E}.Debug|Any CPU.ActiveCfg = Debug|Any CPU
		{F10DA82C-35A9-419C-A50C-F9D5A22A810E}.Debug|Any CPU.Build.0 = Debug|Any CPU
		{F10DA82C-35A9-419C-A50C-F9D5A22A810E}.Release|Any CPU.ActiveCfg = Release|Any CPU
		{F10DA82C-35A9-419C-A50C-F9D5A22A810E}.Release|Any CPU.Build.0 = Release|Any CPU
		{F25B4570-6E25-468C-A5DD-C1933D7415E1}.Debug|Any CPU.ActiveCfg = Debug|Any CPU
		{F25B4570-6E25-468C-A5DD-C1933D7415E1}.Debug|Any CPU.Build.0 = Debug|Any CPU
		{F25B4570-6E25-468C-A5DD-C1933D7415E1}.Release|Any CPU.ActiveCfg = Release|Any CPU
		{F25B4570-6E25-468C-A5DD-C1933D7415E1}.Release|Any CPU.Build.0 = Release|Any CPU
		{1F3D8D77-9271-448D-8365-D665470A29D1}.Debug|Any CPU.ActiveCfg = Debug|Any CPU
		{1F3D8D77-9271-448D-8365-D665470A29D1}.Debug|Any CPU.Build.0 = Debug|Any CPU
		{1F3D8D77-9271-448D-8365-D665470A29D1}.Release|Any CPU.ActiveCfg = Release|Any CPU
		{1F3D8D77-9271-448D-8365-D665470A29D1}.Release|Any CPU.Build.0 = Release|Any CPU
	EndGlobalSection
	GlobalSection(SolutionProperties) = preSolution
		HideSolutionNode = FALSE
	EndGlobalSection
	GlobalSection(ExtensibilityGlobals) = postSolution
		SolutionGuid = {4A277F29-D2D6-46CB-95EE-DD85BD474FC9}
	EndGlobalSection
EndGlobal
